
Microsoft Visual Studio Solution File, Format Version 12.00
# Visual Studio Version 16
VisualStudioVersion = 16.0.30611.23
MinimumVisualStudioVersion = 10.0.40219.1
Project("{FAE04EC0-301F-11D3-BF4B-00C04F79EFBC}") = "Scala.SelectiesDemo2.Wpf", "Scala.SelectiesDemo2.Wpf\Scala.SelectiesDemo2.Wpf.csproj", "{95B8E4CD-0FC0-4058-A41A-A41ABDA00BC2}"
EndProject
Global
	GlobalSection(SolutionConfigurationPlatforms) = preSolution
		Debug|Any CPU = Debug|Any CPU
		Release|Any CPU = Release|Any CPU
	EndGlobalSection
	GlobalSection(ProjectConfigurationPlatforms) = postSolution
		{95B8E4CD-0FC0-4058-A41A-A41ABDA00BC2}.Debug|Any CPU.ActiveCfg = Debug|Any CPU
		{95B8E4CD-0FC0-4058-A41A-A41ABDA00BC2}.Debug|Any CPU.Build.0 = Debug|Any CPU
		{95B8E4CD-0FC0-4058-A41A-A41ABDA00BC2}.Release|Any CPU.ActiveCfg = Release|Any CPU
		{95B8E4CD-0FC0-4058-A41A-A41ABDA00BC2}.Release|Any CPU.Build.0 = Release|Any CPU
	EndGlobalSection
	GlobalSection(SolutionProperties) = preSolution
		HideSolutionNode = FALSE
	EndGlobalSection
	GlobalSection(ExtensibilityGlobals) = postSolution
		SolutionGuid = {19F833CB-AB1B-492B-9444-373B64A0D70C}
	EndGlobalSection
EndGlobal
